// !$*UTF8*$!
{
	archiveVersion = 1;
	classes = {
	};
	objectVersion = 50;
	objects = {

/* Begin PBXBuildFile section */
		27E4EE3A21539A3500A88FAC /* AppDelegate.m in Sources */ = {isa = PBXBuildFile; fileRef = 27E4EE3921539A3500A88FAC /* AppDelegate.m */; };
		27E4EE3D21539A3500A88FAC /* ViewController.m in Sources */ = {isa = PBXBuildFile; fileRef = 27E4EE3C21539A3500A88FAC /* ViewController.m */; };
		27E4EE4021539A3500A88FAC /* Main.storyboard in Resources */ = {isa = PBXBuildFile; fileRef = 27E4EE3E21539A3500A88FAC /* Main.storyboard */; };
		27E4EE4221539A3600A88FAC /* Assets.xcassets in Resources */ = {isa = PBXBuildFile; fileRef = 27E4EE4121539A3600A88FAC /* Assets.xcassets */; };
		27E4EE4521539A3600A88FAC /* LaunchScreen.storyboard in Resources */ = {isa = PBXBuildFile; fileRef = 27E4EE4321539A3600A88FAC /* LaunchScreen.storyboard */; };
		27E4EE4821539A3600A88FAC /* main.m in Sources */ = {isa = PBXBuildFile; fileRef = 27E4EE4721539A3600A88FAC /* main.m */; };
		27E4EE5221539A3600A88FAC /* autofillDemoTests.m in Sources */ = {isa = PBXBuildFile; fileRef = 27E4EE5121539A3600A88FAC /* autofillDemoTests.m */; };
		27E4EE5D21539A3600A88FAC /* autofillDemoUITests.m in Sources */ = {isa = PBXBuildFile; fileRef = 27E4EE5C21539A3600A88FAC /* autofillDemoUITests.m */; };
/* End PBXBuildFile section */

/* Begin PBXContainerItemProxy section */
		27E4EE4E21539A3600A88FAC /* PBXContainerItemProxy */ = {
			isa = PBXContainerItemProxy;
			containerPortal = 27E4EE2D21539A3500A88FAC /* Project object */;
			proxyType = 1;
			remoteGlobalIDString = 27E4EE3421539A3500A88FAC;
			remoteInfo = autofillDemo;
		};
		27E4EE5921539A3600A88FAC /* PBXContainerItemProxy */ = {
			isa = PBXContainerItemProxy;
			containerPortal = 27E4EE2D21539A3500A88FAC /* Project object */;
			proxyType = 1;
			remoteGlobalIDString = 27E4EE3421539A3500A88FAC;
			remoteInfo = autofillDemo;
		};
/* End PBXContainerItemProxy section */

/* Begin PBXFileReference section */
		27E4EE3521539A3500A88FAC /* autofillDemo.app */ = {isa = PBXFileReference; explicitFileType = wrapper.application; includeInIndex = 0; path = autofillDemo.app; sourceTree = BUILT_PRODUCTS_DIR; };
		27E4EE3821539A3500A88FAC /* AppDelegate.h */ = {isa = PBXFileReference; lastKnownFileType = sourcecode.c.h; path = AppDelegate.h; sourceTree = "<group>"; };
		27E4EE3921539A3500A88FAC /* AppDelegate.m */ = {isa = PBXFileReference; lastKnownFileType = sourcecode.c.objc; path = AppDelegate.m; sourceTree = "<group>"; };
		27E4EE3B21539A3500A88FAC /* ViewController.h */ = {isa = PBXFileReference; lastKnownFileType = sourcecode.c.h; path = ViewController.h; sourceTree = "<group>"; };
		27E4EE3C21539A3500A88FAC /* ViewController.m */ = {isa = PBXFileReference; lastKnownFileType = sourcecode.c.objc; path = ViewController.m; sourceTree = "<group>"; };
		27E4EE3F21539A3500A88FAC /* Base */ = {isa = PBXFileReference; lastKnownFileType = file.storyboard; name = Base; path = Base.lproj/Main.storyboard; sourceTree = "<group>"; };
		27E4EE4121539A3600A88FAC /* Assets.xcassets */ = {isa = PBXFileReference; lastKnownFileType = folder.assetcatalog; path = Assets.xcassets; sourceTree = "<group>"; };
		27E4EE4421539A3600A88FAC /* Base */ = {isa = PBXFileReference; lastKnownFileType = file.storyboard; name = Base; path = Base.lproj/LaunchScreen.storyboard; sourceTree = "<group>"; };
		27E4EE4621539A3600A88FAC /* Info.plist */ = {isa = PBXFileReference; lastKnownFileType = text.plist.xml; path = Info.plist; sourceTree = "<group>"; };
		27E4EE4721539A3600A88FAC /* main.m */ = {isa = PBXFileReference; lastKnownFileType = sourcecode.c.objc; path = main.m; sourceTree = "<group>"; };
		27E4EE4D21539A3600A88FAC /* autofillDemoTests.xctest */ = {isa = PBXFileReference; explicitFileType = wrapper.cfbundle; includeInIndex = 0; path = autofillDemoTests.xctest; sourceTree = BUILT_PRODUCTS_DIR; };
		27E4EE5121539A3600A88FAC /* autofillDemoTests.m */ = {isa = PBXFileReference; lastKnownFileType = sourcecode.c.objc; path = autofillDemoTests.m; sourceTree = "<group>"; };
		27E4EE5321539A3600A88FAC /* Info.plist */ = {isa = PBXFileReference; lastKnownFileType = text.plist.xml; path = Info.plist; sourceTree = "<group>"; };
		27E4EE5821539A3600A88FAC /* autofillDemoUITests.xctest */ = {isa = PBXFileReference; explicitFileType = wrapper.cfbundle; includeInIndex = 0; path = autofillDemoUITests.xctest; sourceTree = BUILT_PRODUCTS_DIR; };
		27E4EE5C21539A3600A88FAC /* autofillDemoUITests.m */ = {isa = PBXFileReference; lastKnownFileType = sourcecode.c.objc; path = autofillDemoUITests.m; sourceTree = "<group>"; };
		27E4EE5E21539A3600A88FAC /* Info.plist */ = {isa = PBXFileReference; lastKnownFileType = text.plist.xml; path = Info.plist; sourceTree = "<group>"; };
		27E4EE6A21539A7E00A88FAC /* autofillDemo.entitlements */ = {isa = PBXFileReference; lastKnownFileType = text.plist.entitlements; path = autofillDemo.entitlements; sourceTree = "<group>"; };
/* End PBXFileReference section */

/* Begin PBXFrameworksBuildPhase section */
		27E4EE3221539A3500A88FAC /* Frameworks */ = {
			isa = PBXFrameworksBuildPhase;
			buildActionMask = 2147483647;
			files = (
			);
			runOnlyForDeploymentPostprocessing = 0;
		};
		27E4EE4A21539A3600A88FAC /* Frameworks */ = {
			isa = PBXFrameworksBuildPhase;
			buildActionMask = 2147483647;
			files = (
			);
			runOnlyForDeploymentPostprocessing = 0;
		};
		27E4EE5521539A3600A88FAC /* Frameworks */ = {
			isa = PBXFrameworksBuildPhase;
			buildActionMask = 2147483647;
			files = (
			);
			runOnlyForDeploymentPostprocessing = 0;
		};
/* End PBXFrameworksBuildPhase section */

/* Begin PBXGroup section */
		27E4EE2C21539A3500A88FAC = {
			isa = PBXGroup;
			children = (
				27E4EE3721539A3500A88FAC /* autofillDemo */,
				27E4EE5021539A3600A88FAC /* autofillDemoTests */,
				27E4EE5B21539A3600A88FAC /* autofillDemoUITests */,
				27E4EE3621539A3500A88FAC /* Products */,
			);
			sourceTree = "<group>";
		};
		27E4EE3621539A3500A88FAC /* Products */ = {
			isa = PBXGroup;
			children = (
				27E4EE3521539A3500A88FAC /* autofillDemo.app */,
				27E4EE4D21539A3600A88FAC /* autofillDemoTests.xctest */,
				27E4EE5821539A3600A88FAC /* autofillDemoUITests.xctest */,
			);
			name = Products;
			sourceTree = "<group>";
		};
		27E4EE3721539A3500A88FAC /* autofillDemo */ = {
			isa = PBXGroup;
			children = (
				27E4EE6A21539A7E00A88FAC /* autofillDemo.entitlements */,
				27E4EE3821539A3500A88FAC /* AppDelegate.h */,
				27E4EE3921539A3500A88FAC /* AppDelegate.m */,
				27E4EE3B21539A3500A88FAC /* ViewController.h */,
				27E4EE3C21539A3500A88FAC /* ViewController.m */,
				27E4EE3E21539A3500A88FAC /* Main.storyboard */,
				27E4EE4121539A3600A88FAC /* Assets.xcassets */,
				27E4EE4321539A3600A88FAC /* LaunchScreen.storyboard */,
				27E4EE4621539A3600A88FAC /* Info.plist */,
				27E4EE4721539A3600A88FAC /* main.m */,
			);
			path = autofillDemo;
			sourceTree = "<group>";
		};
		27E4EE5021539A3600A88FAC /* autofillDemoTests */ = {
			isa = PBXGroup;
			children = (
				27E4EE5121539A3600A88FAC /* autofillDemoTests.m */,
				27E4EE5321539A3600A88FAC /* Info.plist */,
			);
			path = autofillDemoTests;
			sourceTree = "<group>";
		};
		27E4EE5B21539A3600A88FAC /* autofillDemoUITests */ = {
			isa = PBXGroup;
			children = (
				27E4EE5C21539A3600A88FAC /* autofillDemoUITests.m */,
				27E4EE5E21539A3600A88FAC /* Info.plist */,
			);
			path = autofillDemoUITests;
			sourceTree = "<group>";
		};
/* End PBXGroup section */

/* Begin PBXNativeTarget section */
		27E4EE3421539A3500A88FAC /* autofillDemo */ = {
			isa = PBXNativeTarget;
			buildConfigurationList = 27E4EE6121539A3600A88FAC /* Build configuration list for PBXNativeTarget "autofillDemo" */;
			buildPhases = (
				27E4EE3121539A3500A88FAC /* Sources */,
				27E4EE3221539A3500A88FAC /* Frameworks */,
				27E4EE3321539A3500A88FAC /* Resources */,
			);
			buildRules = (
			);
			dependencies = (
			);
			name = autofillDemo;
			productName = autofillDemo;
			productReference = 27E4EE3521539A3500A88FAC /* autofillDemo.app */;
			productType = "com.apple.product-type.application";
		};
		27E4EE4C21539A3600A88FAC /* autofillDemoTests */ = {
			isa = PBXNativeTarget;
			buildConfigurationList = 27E4EE6421539A3600A88FAC /* Build configuration list for PBXNativeTarget "autofillDemoTests" */;
			buildPhases = (
				27E4EE4921539A3600A88FAC /* Sources */,
				27E4EE4A21539A3600A88FAC /* Frameworks */,
				27E4EE4B21539A3600A88FAC /* Resources */,
			);
			buildRules = (
			);
			dependencies = (
				27E4EE4F21539A3600A88FAC /* PBXTargetDependency */,
			);
			name = autofillDemoTests;
			productName = autofillDemoTests;
			productReference = 27E4EE4D21539A3600A88FAC /* autofillDemoTests.xctest */;
			productType = "com.apple.product-type.bundle.unit-test";
		};
		27E4EE5721539A3600A88FAC /* autofillDemoUITests */ = {
			isa = PBXNativeTarget;
			buildConfigurationList = 27E4EE6721539A3600A88FAC /* Build configuration list for PBXNativeTarget "autofillDemoUITests" */;
			buildPhases = (
				27E4EE5421539A3600A88FAC /* Sources */,
				27E4EE5521539A3600A88FAC /* Frameworks */,
				27E4EE5621539A3600A88FAC /* Resources */,
			);
			buildRules = (
			);
			dependencies = (
				27E4EE5A21539A3600A88FAC /* PBXTargetDependency */,
			);
			name = autofillDemoUITests;
			productName = autofillDemoUITests;
			productReference = 27E4EE5821539A3600A88FAC /* autofillDemoUITests.xctest */;
			productType = "com.apple.product-type.bundle.ui-testing";
		};
/* End PBXNativeTarget section */

/* Begin PBXProject section */
		27E4EE2D21539A3500A88FAC /* Project object */ = {
			isa = PBXProject;
			attributes = {
				LastUpgradeCheck = 1000;
				ORGANIZATIONNAME = "华观陈";
				TargetAttributes = {
					27E4EE3421539A3500A88FAC = {
						CreatedOnToolsVersion = 10.0;
						SystemCapabilities = {
							com.apple.SafariKeychain = {
								enabled = 1;
							};
						};
					};
					27E4EE4C21539A3600A88FAC = {
						CreatedOnToolsVersion = 10.0;
						TestTargetID = 27E4EE3421539A3500A88FAC;
					};
					27E4EE5721539A3600A88FAC = {
						CreatedOnToolsVersion = 10.0;
						TestTargetID = 27E4EE3421539A3500A88FAC;
					};
				};
			};
			buildConfigurationList = 27E4EE3021539A3500A88FAC /* Build configuration list for PBXProject "autofillDemo" */;
			compatibilityVersion = "Xcode 9.3";
			developmentRegion = en;
			hasScannedForEncodings = 0;
			knownRegions = (
				en,
				Base,
			);
			mainGroup = 27E4EE2C21539A3500A88FAC;
			productRefGroup = 27E4EE3621539A3500A88FAC /* Products */;
			projectDirPath = "";
			projectRoot = "";
			targets = (
				27E4EE3421539A3500A88FAC /* autofillDemo */,
				27E4EE4C21539A3600A88FAC /* autofillDemoTests */,
				27E4EE5721539A3600A88FAC /* autofillDemoUITests */,
			);
		};
/* End PBXProject section */

/* Begin PBXResourcesBuildPhase section */
		27E4EE3321539A3500A88FAC /* Resources */ = {
			isa = PBXResourcesBuildPhase;
			buildActionMask = 2147483647;
			files = (
				27E4EE4521539A3600A88FAC /* LaunchScreen.storyboard in Resources */,
				27E4EE4221539A3600A88FAC /* Assets.xcassets in Resources */,
				27E4EE4021539A3500A88FAC /* Main.storyboard in Resources */,
			);
			runOnlyForDeploymentPostprocessing = 0;
		};
		27E4EE4B21539A3600A88FAC /* Resources */ = {
			isa = PBXResourcesBuildPhase;
			buildActionMask = 2147483647;
			files = (
			);
			runOnlyForDeploymentPostprocessing = 0;
		};
		27E4EE5621539A3600A88FAC /* Resources */ = {
			isa = PBXResourcesBuildPhase;
			buildActionMask = 2147483647;
			files = (
			);
			runOnlyForDeploymentPostprocessing = 0;
		};
/* End PBXResourcesBuildPhase section */

/* Begin PBXSourcesBuildPhase section */
		27E4EE3121539A3500A88FAC /* Sources */ = {
			isa = PBXSourcesBuildPhase;
			buildActionMask = 2147483647;
			files = (
				27E4EE3D21539A3500A88FAC /* ViewController.m in Sources */,
				27E4EE4821539A3600A88FAC /* main.m in Sources */,
				27E4EE3A21539A3500A88FAC /* AppDelegate.m in Sources */,
			);
			runOnlyForDeploymentPostprocessing = 0;
		};
		27E4EE4921539A3600A88FAC /* Sources */ = {
			isa = PBXSourcesBuildPhase;
			buildActionMask = 2147483647;
			files = (
				27E4EE5221539A3600A88FAC /* autofillDemoTests.m in Sources */,
			);
			runOnlyForDeploymentPostprocessing = 0;
		};
		27E4EE5421539A3600A88FAC /* Sources */ = {
			isa = PBXSourcesBuildPhase;
			buildActionMask = 2147483647;
			files = (
				27E4EE5D21539A3600A88FAC /* autofillDemoUITests.m in Sources */,
			);
			runOnlyForDeploymentPostprocessing = 0;
		};
/* End PBXSourcesBuildPhase section */

/* Begin PBXTargetDependency section */
		27E4EE4F21539A3600A88FAC /* PBXTargetDependency */ = {
			isa = PBXTargetDependency;
			target = 27E4EE3421539A3500A88FAC /* autofillDemo */;
			targetProxy = 27E4EE4E21539A3600A88FAC /* PBXContainerItemProxy */;
		};
		27E4EE5A21539A3600A88FAC /* PBXTargetDependency */ = {
			isa = PBXTargetDependency;
			target = 27E4EE3421539A3500A88FAC /* autofillDemo */;
			targetProxy = 27E4EE5921539A3600A88FAC /* PBXContainerItemProxy */;
		};
/* End PBXTargetDependency section */

/* Begin PBXVariantGroup section */
		27E4EE3E21539A3500A88FAC /* Main.storyboard */ = {
			isa = PBXVariantGroup;
			children = (
				27E4EE3F21539A3500A88FAC /* Base */,
			);
			name = Main.storyboard;
			sourceTree = "<group>";
		};
		27E4EE4321539A3600A88FAC /* LaunchScreen.storyboard */ = {
			isa = PBXVariantGroup;
			children = (
				27E4EE4421539A3600A88FAC /* Base */,
			);
			name = LaunchScreen.storyboard;
			sourceTree = "<group>";
		};
/* End PBXVariantGroup section */

/* Begin XCBuildConfiguration section */
		27E4EE5F21539A3600A88FAC /* Debug */ = {
			isa = XCBuildConfiguration;
			buildSettings = {
				ALWAYS_SEARCH_USER_PATHS = NO;
				CLANG_ANALYZER_NONNULL = YES;
				CLANG_ANALYZER_NUMBER_OBJECT_CONVERSION = YES_AGGRESSIVE;
				CLANG_CXX_LANGUAGE_STANDARD = "gnu++14";
				CLANG_CXX_LIBRARY = "libc++";
				CLANG_ENABLE_MODULES = YES;
				CLANG_ENABLE_OBJC_ARC = YES;
				CLANG_ENABLE_OBJC_WEAK = YES;
				CLANG_WARN_BLOCK_CAPTURE_AUTORELEASING = YES;
				CLANG_WARN_BOOL_CONVERSION = YES;
				CLANG_WARN_COMMA = YES;
				CLANG_WARN_CONSTANT_CONVERSION = YES;
				CLANG_WARN_DEPRECATED_OBJC_IMPLEMENTATIONS = YES;
				CLANG_WARN_DIRECT_OBJC_ISA_USAGE = YES_ERROR;
				CLANG_WARN_DOCUMENTATION_COMMENTS = YES;
				CLANG_WARN_EMPTY_BODY = YES;
				CLANG_WARN_ENUM_CONVERSION = YES;
				CLANG_WARN_INFINITE_RECURSION = YES;
				CLANG_WARN_INT_CONVERSION = YES;
				CLANG_WARN_NON_LITERAL_NULL_CONVERSION = YES;
				CLANG_WARN_OBJC_IMPLICIT_RETAIN_SELF = YES;
				CLANG_WARN_OBJC_LITERAL_CONVERSION = YES;
				CLANG_WARN_OBJC_ROOT_CLASS = YES_ERROR;
				CLANG_WARN_RANGE_LOOP_ANALYSIS = YES;
				CLANG_WARN_STRICT_PROTOTYPES = YES;
				CLANG_WARN_SUSPICIOUS_MOVE = YES;
				CLANG_WARN_UNGUARDED_AVAILABILITY = YES_AGGRESSIVE;
				CLANG_WARN_UNREACHABLE_CODE = YES;
				CLANG_WARN__DUPLICATE_METHOD_MATCH = YES;
				CODE_SIGN_IDENTITY = "iPhone Developer";
				COPY_PHASE_STRIP = NO;
				DEBUG_INFORMATION_FORMAT = dwarf;
				ENABLE_STRICT_OBJC_MSGSEND = YES;
				ENABLE_TESTABILITY = YES;
				GCC_C_LANGUAGE_STANDARD = gnu11;
				GCC_DYNAMIC_NO_PIC = NO;
				GCC_NO_COMMON_BLOCKS = YES;
				GCC_OPTIMIZATION_LEVEL = 0;
				GCC_PREPROCESSOR_DEFINITIONS = (
					"DEBUG=1",
					"$(inherited)",
				);
				GCC_WARN_64_TO_32_BIT_CONVERSION = YES;
				GCC_WARN_ABOUT_RETURN_TYPE = YES_ERROR;
				GCC_WARN_UNDECLARED_SELECTOR = YES;
				GCC_WARN_UNINITIALIZED_AUTOS = YES_AGGRESSIVE;
				GCC_WARN_UNUSED_FUNCTION = YES;
				GCC_WARN_UNUSED_VARIABLE = YES;
				IPHONEOS_DEPLOYMENT_TARGET = 11.0;
				MTL_ENABLE_DEBUG_INFO = INCLUDE_SOURCE;
				ONLY_ACTIVE_ARCH = YES;
				SDKROOT = iphoneos;
			};
			name = Debug;
		};
		27E4EE6021539A3600A88FAC /* Release */ = {
			isa = XCBuildConfiguration;
			buildSettings = {
				ALWAYS_SEARCH_USER_PATHS = NO;
				CLANG_ANALYZER_NONNULL = YES;
				CLANG_ANALYZER_NUMBER_OBJECT_CONVERSION = YES_AGGRESSIVE;
				CLANG_CXX_LANGUAGE_STANDARD = "gnu++14";
				CLANG_CXX_LIBRARY = "libc++";
				CLANG_ENABLE_MODULES = YES;
				CLANG_ENABLE_OBJC_ARC = YES;
				CLANG_ENABLE_OBJC_WEAK = YES;
				CLANG_WARN_BLOCK_CAPTURE_AUTORELEASING = YES;
				CLANG_WARN_BOOL_CONVERSION = YES;
				CLANG_WARN_COMMA = YES;
				CLANG_WARN_CONSTANT_CONVERSION = YES;
				CLANG_WARN_DEPRECATED_OBJC_IMPLEMENTATIONS = YES;
				CLANG_WARN_DIRECT_OBJC_ISA_USAGE = YES_ERROR;
				CLANG_WARN_DOCUMENTATION_COMMENTS = YES;
				CLANG_WARN_EMPTY_BODY = YES;
				CLANG_WARN_ENUM_CONVERSION = YES;
				CLANG_WARN_INFINITE_RECURSION = YES;
				CLANG_WARN_INT_CONVERSION = YES;
				CLANG_WARN_NON_LITERAL_NULL_CONVERSION = YES;
				CLANG_WARN_OBJC_IMPLICIT_RETAIN_SELF = YES;
				CLANG_WARN_OBJC_LITERAL_CONVERSION = YES;
				CLANG_WARN_OBJC_ROOT_CLASS = YES_ERROR;
				CLANG_WARN_RANGE_LOOP_ANALYSIS = YES;
				CLANG_WARN_STRICT_PROTOTYPES = YES;
				CLANG_WARN_SUSPICIOUS_MOVE = YES;
				CLANG_WARN_UNGUARDED_AVAILABILITY = YES_AGGRESSIVE;
				CLANG_WARN_UNREACHABLE_CODE = YES;
				CLANG_WARN__DUPLICATE_METHOD_MATCH = YES;
				CODE_SIGN_IDENTITY = "iPhone Developer";
				COPY_PHASE_STRIP = NO;
				DEBUG_INFORMATION_FORMAT = "dwarf-with-dsym";
				ENABLE_NS_ASSERTIONS = NO;
				ENABLE_STRICT_OBJC_MSGSEND = YES;
				GCC_C_LANGUAGE_STANDARD = gnu11;
				GCC_NO_COMMON_BLOCKS = YES;
				GCC_WARN_64_TO_32_BIT_CONVERSION = YES;
				GCC_WARN_ABOUT_RETURN_TYPE = YES_ERROR;
				GCC_WARN_UNDECLARED_SELECTOR = YES;
				GCC_WARN_UNINITIALIZED_AUTOS = YES_AGGRESSIVE;
				GCC_WARN_UNUSED_FUNCTION = YES;
				GCC_WARN_UNUSED_VARIABLE = YES;
				IPHONEOS_DEPLOYMENT_TARGET = 11.0;
				MTL_ENABLE_DEBUG_INFO = NO;
				SDKROOT = iphoneos;
				VALIDATE_PRODUCT = YES;
			};
			name = Release;
		};
		27E4EE6221539A3600A88FAC /* Debug */ = {
			isa = XCBuildConfiguration;
			buildSettings = {
				ASSETCATALOG_COMPILER_APPICON_NAME = AppIcon;
				CODE_SIGN_ENTITLEMENTS = autofillDemo/autofillDemo.entitlements;
				CODE_SIGN_STYLE = Manual;
				DEVELOPMENT_TEAM = 7YBRZSVLTA;
				INFOPLIST_FILE = autofillDemo/Info.plist;
				LD_RUNPATH_SEARCH_PATHS = (
					"$(inherited)",
					"@executable_path/Frameworks",
				);
				PRODUCT_BUNDLE_IDENTIFIER = com.tencent.ios.qqmusic;
				PRODUCT_NAME = "$(TARGET_NAME)";
				PROVISIONING_PROFILE = "b67de3be-6a60-45b8-b27e-2be49d79bdff";
				PROVISIONING_PROFILE_SPECIFIER = iosqmusic;
				TARGETED_DEVICE_FAMILY = "1,2";
			};
			name = Debug;
		};
		27E4EE6321539A3600A88FAC /* Release */ = {
			isa = XCBuildConfiguration;
			buildSettings = {
				ASSETCATALOG_COMPILER_APPICON_NAME = AppIcon;
				CODE_SIGN_ENTITLEMENTS = autofillDemo/autofillDemo.entitlements;
				CODE_SIGN_STYLE = Manual;
				DEVELOPMENT_TEAM = 7YBRZSVLTA;
				INFOPLIST_FILE = autofillDemo/Info.plist;
				LD_RUNPATH_SEARCH_PATHS = (
					"$(inherited)",
					"@executable_path/Frameworks",
				);
				PRODUCT_BUNDLE_IDENTIFIER = com.tencent.ios.qqmusic;
				PRODUCT_NAME = "$(TARGET_NAME)";
				PROVISIONING_PROFILE = "b67de3be-6a60-45b8-b27e-2be49d79bdff";
				PROVISIONING_PROFILE_SPECIFIER = iosqmusic;
				TARGETED_DEVICE_FAMILY = "1,2";
			};
			name = Release;
		};
		27E4EE6521539A3600A88FAC /* Debug */ = {
			isa = XCBuildConfiguration;
			buildSettings = {
				BUNDLE_LOADER = "$(TEST_HOST)";
				CODE_SIGN_STYLE = Automatic;
				INFOPLIST_FILE = autofillDemoTests/Info.plist;
				LD_RUNPATH_SEARCH_PATHS = (
					"$(inherited)",
					"@executable_path/Frameworks",
					"@loader_path/Frameworks",
				);
				PRODUCT_BUNDLE_IDENTIFIER = com.tencent.autofillDemoTests;
				PRODUCT_NAME = "$(TARGET_NAME)";
				TARGETED_DEVICE_FAMILY = "1,2";
				TEST_HOST = "$(BUILT_PRODUCTS_DIR)/autofillDemo.app/autofillDemo";
			};
			name = Debug;
		};
		27E4EE6621539A3600A88FAC /* Release */ = {
			isa = XCBuildConfiguration;
			buildSettings = {
				BUNDLE_LOADER = "$(TEST_HOST)";
				CODE_SIGN_STYLE = Automatic;
				INFOPLIST_FILE = autofillDemoTests/Info.plist;
				LD_RUNPATH_SEARCH_PATHS = (
					"$(inherited)",
					"@executable_path/Frameworks",
					"@loader_path/Frameworks",
				);
				PRODUCT_BUNDLE_IDENTIFIER = com.tencent.autofillDemoTests;
				PRODUCT_NAME = "$(TARGET_NAME)";
				TARGETED_DEVICE_FAMILY = "1,2";
				TEST_HOST = "$(BUILT_PRODUCTS_DIR)/autofillDemo.app/autofillDemo";
			};
			name = Release;
		};
		27E4EE6821539A3600A88FAC /* Debug */ = {
			isa = XCBuildConfiguration;
			buildSettings = {
				CODE_SIGN_STYLE = Automatic;
				INFOPLIST_FILE = autofillDemoUITests/Info.plist;
				LD_RUNPATH_SEARCH_PATHS = (
					"$(inherited)",
					"@executable_path/Frameworks",
					"@loader_path/Frameworks",
				);
				PRODUCT_BUNDLE_IDENTIFIER = com.tencent.autofillDemoUITests;
				PRODUCT_NAME = "$(TARGET_NAME)";
				TARGETED_DEVICE_FAMILY = "1,2";
				TEST_TARGET_NAME = autofillDemo;
			};
			name = Debug;
		};
		27E4EE6921539A3600A88FAC /* Release */ = {
			isa = XCBuildConfiguration;
			buildSettings = {
				CODE_SIGN_STYLE = Automatic;
				INFOPLIST_FILE = autofillDemoUITests/Info.plist;
				LD_RUNPATH_SEARCH_PATHS = (
					"$(inherited)",
					"@executable_path/Frameworks",
					"@loader_path/Frameworks",
				);
				PRODUCT_BUNDLE_IDENTIFIER = com.tencent.autofillDemoUITests;
				PRODUCT_NAME = "$(TARGET_NAME)";
				TARGETED_DEVICE_FAMILY = "1,2";
				TEST_TARGET_NAME = autofillDemo;
			};
			name = Release;
		};
/* End XCBuildConfiguration section */

/* Begin XCConfigurationList section */
		27E4EE3021539A3500A88FAC /* Build configuration list for PBXProject "autofillDemo" */ = {
			isa = XCConfigurationList;
			buildConfigurations = (
				27E4EE5F21539A3600A88FAC /* Debug */,
				27E4EE6021539A3600A88FAC /* Release */,
			);
			defaultConfigurationIsVisible = 0;
			defaultConfigurationName = Release;
		};
		27E4EE6121539A3600A88FAC /* Build configuration list for PBXNativeTarget "autofillDemo" */ = {
			isa = XCConfigurationList;
			buildConfigurations = (
				27E4EE6221539A3600A88FAC /* Debug */,
				27E4EE6321539A3600A88FAC /* Release */,
			);
			defaultConfigurationIsVisible = 0;
			defaultConfigurationName = Release;
		};
		27E4EE6421539A3600A88FAC /* Build configuration list for PBXNativeTarget "autofillDemoTests" */ = {
			isa = XCConfigurationList;
			buildConfigurations = (
				27E4EE6521539A3600A88FAC /* Debug */,
				27E4EE6621539A3600A88FAC /* Release */,
			);
			defaultConfigurationIsVisible = 0;
			defaultConfigurationName = Release;
		};
		27E4EE6721539A3600A88FAC /* Build configuration list for PBXNativeTarget "autofillDemoUITests" */ = {
			isa = XCConfigurationList;
			buildConfigurations = (
				27E4EE6821539A3600A88FAC /* Debug */,
				27E4EE6921539A3600A88FAC /* Release */,
			);
			defaultConfigurationIsVisible = 0;
			defaultConfigurationName = Release;
		};
/* End XCConfigurationList section */
	};
	rootObject = 27E4EE2D21539A3500A88FAC /* Project object */;
}
